// !$*UTF8*$!
{
	archiveVersion = 1;
	classes = {
	};
	objectVersion = 50;
	objects = {

/* Begin PBXBuildFile section */
		27765574DF5D2D5A9CBBA258 /* Pods_AppStore.framework in Frameworks */ = {isa = PBXBuildFile; fileRef = 7C9042CB7BDF812DA77A2FCE /* Pods_AppStore.framework */; };
		AC00DCA722963B350028E053 /* AppsGroupResult.swift in Sources */ = {isa = PBXBuildFile; fileRef = AC00DCA622963B350028E053 /* AppsGroupResult.swift */; };
		AC1DCA3C224430A800EBAD34 /* VerticalStackView.swift in Sources */ = {isa = PBXBuildFile; fileRef = AC1DCA3B224430A800EBAD34 /* VerticalStackView.swift */; };
		AC1DCA3E22443E4A00EBAD34 /* SearchResult.swift in Sources */ = {isa = PBXBuildFile; fileRef = AC1DCA3D22443E4A00EBAD34 /* SearchResult.swift */; };
		AC1DCA4522453AF500EBAD34 /* Service.swift in Sources */ = {isa = PBXBuildFile; fileRef = AC1DCA4422453AF500EBAD34 /* Service.swift */; };
		AC249AF12294EF9F00DA53B0 /* AppsHorizontalController.swift in Sources */ = {isa = PBXBuildFile; fileRef = AC249AF02294EF9F00DA53B0 /* AppsHorizontalController.swift */; };
		AC249AF32295018D00DA53B0 /* AppRowCell.swift in Sources */ = {isa = PBXBuildFile; fileRef = AC249AF22295018D00DA53B0 /* AppRowCell.swift */; };
		AC249AF522950B7600DA53B0 /* Extensions.swift in Sources */ = {isa = PBXBuildFile; fileRef = AC249AF422950B7600DA53B0 /* Extensions.swift */; };
		AC249AF722950F0D00DA53B0 /* AppPageHeader.swift in Sources */ = {isa = PBXBuildFile; fileRef = AC249AF622950F0D00DA53B0 /* AppPageHeader.swift */; };
		AC249AF92295110900DA53B0 /* AppsHeaderHorizontalController.swift in Sources */ = {isa = PBXBuildFile; fileRef = AC249AF82295110900DA53B0 /* AppsHeaderHorizontalController.swift */; };
		AC249AFB229513D800DA53B0 /* AppPageHeaderCell.swift in Sources */ = {isa = PBXBuildFile; fileRef = AC249AFA229513D800DA53B0 /* AppPageHeaderCell.swift */; };
		AC6FF45B223AE44B0041C825 /* AppSearchController.swift in Sources */ = {isa = PBXBuildFile; fileRef = AC6FF45A223AE44B0041C825 /* AppSearchController.swift */; };
		AC6FF45E223AE9990041C825 /* SearchResultCell.swift in Sources */ = {isa = PBXBuildFile; fileRef = AC6FF45D223AE9990041C825 /* SearchResultCell.swift */; };
		AC6FF460223AF1890041C825 /* UIView+Layout.swift in Sources */ = {isa = PBXBuildFile; fileRef = AC6FF45F223AF1890041C825 /* UIView+Layout.swift */; };
		ACF0B4C42234D8F000CAAC6E /* AppDelegate.swift in Sources */ = {isa = PBXBuildFile; fileRef = ACF0B4C32234D8F000CAAC6E /* AppDelegate.swift */; };
		ACF0B4C62234D8F000CAAC6E /* ViewController.swift in Sources */ = {isa = PBXBuildFile; fileRef = ACF0B4C52234D8F000CAAC6E /* ViewController.swift */; };
		ACF0B4C92234D8F000CAAC6E /* Main.storyboard in Resources */ = {isa = PBXBuildFile; fileRef = ACF0B4C72234D8F000CAAC6E /* Main.storyboard */; };
		ACF0B4CB2234D8F200CAAC6E /* Assets.xcassets in Resources */ = {isa = PBXBuildFile; fileRef = ACF0B4CA2234D8F200CAAC6E /* Assets.xcassets */; };
		ACF0B4CE2234D8F200CAAC6E /* LaunchScreen.storyboard in Resources */ = {isa = PBXBuildFile; fileRef = ACF0B4CC2234D8F200CAAC6E /* LaunchScreen.storyboard */; };
		ACF0B4D62234D9EF00CAAC6E /* BaseTabBarController.swift in Sources */ = {isa = PBXBuildFile; fileRef = ACF0B4D52234D9EF00CAAC6E /* BaseTabBarController.swift */; };
		BA8F03E6544D98FECF47A495 /* AppsPageController.swift in Sources */ = {isa = PBXBuildFile; fileRef = BA8F0FDAB165A6F67FCB534E /* AppsPageController.swift */; };
		BA8F0761E2FDB75EF36BC692 /* BaseListController.swift in Sources */ = {isa = PBXBuildFile; fileRef = BA8F007F80CE1148B9B6D743 /* BaseListController.swift */; };
		BA8F0C7DFC69297658FE571C /* AppsGroupCell.swift in Sources */ = {isa = PBXBuildFile; fileRef = BA8F03C2ECAC4531D11ACC4B /* AppsGroupCell.swift */; };
/* End PBXBuildFile section */

/* Begin PBXFileReference section */
		7C9042CB7BDF812DA77A2FCE /* Pods_AppStore.framework */ = {isa = PBXFileReference; explicitFileType = wrapper.framework; includeInIndex = 0; path = Pods_AppStore.framework; sourceTree = BUILT_PRODUCTS_DIR; };
		8AC18528460BF927C9F0BFCB /* Pods-AppStore.release.xcconfig */ = {isa = PBXFileReference; includeInIndex = 1; lastKnownFileType = text.xcconfig; name = "Pods-AppStore.release.xcconfig"; path = "Pods/Target Support Files/Pods-AppStore/Pods-AppStore.release.xcconfig"; sourceTree = "<group>"; };
		AC00DCA622963B350028E053 /* AppsGroupResult.swift */ = {isa = PBXFileReference; lastKnownFileType = sourcecode.swift; path = AppsGroupResult.swift; sourceTree = "<group>"; };
		AC1DCA3B224430A800EBAD34 /* VerticalStackView.swift */ = {isa = PBXFileReference; lastKnownFileType = sourcecode.swift; path = VerticalStackView.swift; sourceTree = "<group>"; };
		AC1DCA3D22443E4A00EBAD34 /* SearchResult.swift */ = {isa = PBXFileReference; lastKnownFileType = sourcecode.swift; path = SearchResult.swift; sourceTree = "<group>"; };
		AC1DCA4422453AF500EBAD34 /* Service.swift */ = {isa = PBXFileReference; lastKnownFileType = sourcecode.swift; path = Service.swift; sourceTree = "<group>"; };
		AC249AF02294EF9F00DA53B0 /* AppsHorizontalController.swift */ = {isa = PBXFileReference; lastKnownFileType = sourcecode.swift; path = AppsHorizontalController.swift; sourceTree = "<group>"; };
		AC249AF22295018D00DA53B0 /* AppRowCell.swift */ = {isa = PBXFileReference; lastKnownFileType = sourcecode.swift; path = AppRowCell.swift; sourceTree = "<group>"; };
		AC249AF422950B7600DA53B0 /* Extensions.swift */ = {isa = PBXFileReference; lastKnownFileType = sourcecode.swift; path = Extensions.swift; sourceTree = "<group>"; };
		AC249AF622950F0D00DA53B0 /* AppPageHeader.swift */ = {isa = PBXFileReference; lastKnownFileType = sourcecode.swift; path = AppPageHeader.swift; sourceTree = "<group>"; };
		AC249AF82295110900DA53B0 /* AppsHeaderHorizontalController.swift */ = {isa = PBXFileReference; lastKnownFileType = sourcecode.swift; path = AppsHeaderHorizontalController.swift; sourceTree = "<group>"; };
		AC249AFA229513D800DA53B0 /* AppPageHeaderCell.swift */ = {isa = PBXFileReference; lastKnownFileType = sourcecode.swift; path = AppPageHeaderCell.swift; sourceTree = "<group>"; };
		AC6FF45A223AE44B0041C825 /* AppSearchController.swift */ = {isa = PBXFileReference; lastKnownFileType = sourcecode.swift; path = AppSearchController.swift; sourceTree = "<group>"; };
		AC6FF45D223AE9990041C825 /* SearchResultCell.swift */ = {isa = PBXFileReference; lastKnownFileType = sourcecode.swift; path = SearchResultCell.swift; sourceTree = "<group>"; };
		AC6FF45F223AF1890041C825 /* UIView+Layout.swift */ = {isa = PBXFileReference; fileEncoding = 4; lastKnownFileType = sourcecode.swift; path = "UIView+Layout.swift"; sourceTree = "<group>"; };
		ACF0B4C02234D8F000CAAC6E /* AppStore.app */ = {isa = PBXFileReference; explicitFileType = wrapper.application; includeInIndex = 0; path = AppStore.app; sourceTree = BUILT_PRODUCTS_DIR; };
		ACF0B4C32234D8F000CAAC6E /* AppDelegate.swift */ = {isa = PBXFileReference; lastKnownFileType = sourcecode.swift; path = AppDelegate.swift; sourceTree = "<group>"; };
		ACF0B4C52234D8F000CAAC6E /* ViewController.swift */ = {isa = PBXFileReference; lastKnownFileType = sourcecode.swift; path = ViewController.swift; sourceTree = "<group>"; };
		ACF0B4C82234D8F000CAAC6E /* Base */ = {isa = PBXFileReference; lastKnownFileType = file.storyboard; name = Base; path = Base.lproj/Main.storyboard; sourceTree = "<group>"; };
		ACF0B4CA2234D8F200CAAC6E /* Assets.xcassets */ = {isa = PBXFileReference; lastKnownFileType = folder.assetcatalog; path = Assets.xcassets; sourceTree = "<group>"; };
		ACF0B4CD2234D8F200CAAC6E /* Base */ = {isa = PBXFileReference; lastKnownFileType = file.storyboard; name = Base; path = Base.lproj/LaunchScreen.storyboard; sourceTree = "<group>"; };
		ACF0B4CF2234D8F200CAAC6E /* Info.plist */ = {isa = PBXFileReference; lastKnownFileType = text.plist.xml; path = Info.plist; sourceTree = "<group>"; };
		ACF0B4D52234D9EF00CAAC6E /* BaseTabBarController.swift */ = {isa = PBXFileReference; lastKnownFileType = sourcecode.swift; path = BaseTabBarController.swift; sourceTree = "<group>"; };
		BA8F007F80CE1148B9B6D743 /* BaseListController.swift */ = {isa = PBXFileReference; fileEncoding = 4; lastKnownFileType = sourcecode.swift; path = BaseListController.swift; sourceTree = "<group>"; };
		BA8F03C2ECAC4531D11ACC4B /* AppsGroupCell.swift */ = {isa = PBXFileReference; fileEncoding = 4; lastKnownFileType = sourcecode.swift; path = AppsGroupCell.swift; sourceTree = "<group>"; };
		BA8F0FDAB165A6F67FCB534E /* AppsPageController.swift */ = {isa = PBXFileReference; fileEncoding = 4; lastKnownFileType = sourcecode.swift; path = AppsPageController.swift; sourceTree = "<group>"; };
		C7A27649A87BD9ECFDC73708 /* Pods-AppStore.debug.xcconfig */ = {isa = PBXFileReference; includeInIndex = 1; lastKnownFileType = text.xcconfig; name = "Pods-AppStore.debug.xcconfig"; path = "Pods/Target Support Files/Pods-AppStore/Pods-AppStore.debug.xcconfig"; sourceTree = "<group>"; };
/* End PBXFileReference section */

/* Begin PBXFrameworksBuildPhase section */
		ACF0B4BD2234D8F000CAAC6E /* Frameworks */ = {
			isa = PBXFrameworksBuildPhase;
			buildActionMask = 2147483647;
			files = (
				27765574DF5D2D5A9CBBA258 /* Pods_AppStore.framework in Frameworks */,
			);
			runOnlyForDeploymentPostprocessing = 0;
		};
/* End PBXFrameworksBuildPhase section */

/* Begin PBXGroup section */
		21B8D2D1E526D4F13BDE20DB /* Frameworks */ = {
			isa = PBXGroup;
			children = (
				7C9042CB7BDF812DA77A2FCE /* Pods_AppStore.framework */,
			);
			name = Frameworks;
			sourceTree = "<group>";
		};
		AC1DCA3F2244424600EBAD34 /* Model */ = {
			isa = PBXGroup;
			children = (
				AC1DCA3D22443E4A00EBAD34 /* SearchResult.swift */,
				AC00DCA622963B350028E053 /* AppsGroupResult.swift */,
			);
			path = Model;
			sourceTree = "<group>";
		};
		AC1DCA4222453ADA00EBAD34 /* Service */ = {
			isa = PBXGroup;
			children = (
				AC1DCA4422453AF500EBAD34 /* Service.swift */,
			);
			path = Service;
			sourceTree = "<group>";
		};
		AC6FF459223AE4140041C825 /* Controller */ = {
			isa = PBXGroup;
			children = (
				AC6FF45A223AE44B0041C825 /* AppSearchController.swift */,
				ACF0B4D52234D9EF00CAAC6E /* BaseTabBarController.swift */,
				BA8F007F80CE1148B9B6D743 /* BaseListController.swift */,
				BA8F0DF793216D63DBBF41FB /* Apps */,
			);
			path = Controller;
			sourceTree = "<group>";
		};
		AC6FF45C223AE9790041C825 /* View */ = {
			isa = PBXGroup;
			children = (
				AC6FF45D223AE9990041C825 /* SearchResultCell.swift */,
				BA8F03C2ECAC4531D11ACC4B /* AppsGroupCell.swift */,
				AC249AF22295018D00DA53B0 /* AppRowCell.swift */,
				AC249AF622950F0D00DA53B0 /* AppPageHeader.swift */,
				AC249AFA229513D800DA53B0 /* AppPageHeaderCell.swift */,
			);
			path = View;
			sourceTree = "<group>";
		};
		AC6FF461223AF1900041C825 /* Helpers */ = {
			isa = PBXGroup;
			children = (
				AC6FF45F223AF1890041C825 /* UIView+Layout.swift */,
				AC1DCA3B224430A800EBAD34 /* VerticalStackView.swift */,
				AC249AF422950B7600DA53B0 /* Extensions.swift */,
			);
			path = Helpers;
			sourceTree = "<group>";
		};
		ACF0B4B72234D8F000CAAC6E = {
			isa = PBXGroup;
			children = (
				ACF0B4C22234D8F000CAAC6E /* AppStore */,
				ACF0B4C12234D8F000CAAC6E /* Products */,
				FD17AE4D52766A282373EF0C /* Pods */,
				21B8D2D1E526D4F13BDE20DB /* Frameworks */,
			);
			sourceTree = "<group>";
		};
		ACF0B4C12234D8F000CAAC6E /* Products */ = {
			isa = PBXGroup;
			children = (
				ACF0B4C02234D8F000CAAC6E /* AppStore.app */,
			);
			name = Products;
			sourceTree = "<group>";
		};
		ACF0B4C22234D8F000CAAC6E /* AppStore */ = {
			isa = PBXGroup;
			children = (
				AC1DCA4222453ADA00EBAD34 /* Service */,
				AC1DCA3F2244424600EBAD34 /* Model */,
				AC6FF461223AF1900041C825 /* Helpers */,
				AC6FF45C223AE9790041C825 /* View */,
				AC6FF459223AE4140041C825 /* Controller */,
				ACF0B4C32234D8F000CAAC6E /* AppDelegate.swift */,
				ACF0B4C52234D8F000CAAC6E /* ViewController.swift */,
				ACF0B4C72234D8F000CAAC6E /* Main.storyboard */,
				ACF0B4CA2234D8F200CAAC6E /* Assets.xcassets */,
				ACF0B4CC2234D8F200CAAC6E /* LaunchScreen.storyboard */,
				ACF0B4CF2234D8F200CAAC6E /* Info.plist */,
			);
			path = AppStore;
			sourceTree = "<group>";
		};
		BA8F0DF793216D63DBBF41FB /* Apps */ = {
			isa = PBXGroup;
			children = (
				BA8F0FDAB165A6F67FCB534E /* AppsPageController.swift */,
				AC249AF02294EF9F00DA53B0 /* AppsHorizontalController.swift */,
				AC249AF82295110900DA53B0 /* AppsHeaderHorizontalController.swift */,
			);
			path = Apps;
			sourceTree = "<group>";
		};
		FD17AE4D52766A282373EF0C /* Pods */ = {
			isa = PBXGroup;
			children = (
				C7A27649A87BD9ECFDC73708 /* Pods-AppStore.debug.xcconfig */,
				8AC18528460BF927C9F0BFCB /* Pods-AppStore.release.xcconfig */,
			);
			name = Pods;
			sourceTree = "<group>";
		};
/* End PBXGroup section */

/* Begin PBXNativeTarget section */
		ACF0B4BF2234D8F000CAAC6E /* AppStore */ = {
			isa = PBXNativeTarget;
			buildConfigurationList = ACF0B4D22234D8F200CAAC6E /* Build configuration list for PBXNativeTarget "AppStore" */;
			buildPhases = (
				53A85543EBB9935ACAD4E741 /* [CP] Check Pods Manifest.lock */,
				ACF0B4BC2234D8F000CAAC6E /* Sources */,
				ACF0B4BD2234D8F000CAAC6E /* Frameworks */,
				ACF0B4BE2234D8F000CAAC6E /* Resources */,
				B231BFE6F0319137B19921D4 /* [CP] Embed Pods Frameworks */,
			);
			buildRules = (
			);
			dependencies = (
			);
			name = AppStore;
			productName = AppStore;
			productReference = ACF0B4C02234D8F000CAAC6E /* AppStore.app */;
			productType = "com.apple.product-type.application";
		};
/* End PBXNativeTarget section */

/* Begin PBXProject section */
		ACF0B4B82234D8F000CAAC6E /* Project object */ = {
			isa = PBXProject;
			attributes = {
				LastSwiftUpdateCheck = 1010;
				LastUpgradeCheck = 1010;
				ORGANIZATIONNAME = "Will Wang";
				TargetAttributes = {
					ACF0B4BF2234D8F000CAAC6E = {
						CreatedOnToolsVersion = 10.1;
					};
				};
			};
			buildConfigurationList = ACF0B4BB2234D8F000CAAC6E /* Build configuration list for PBXProject "AppStore" */;
			compatibilityVersion = "Xcode 9.3";
			developmentRegion = en;
			hasScannedForEncodings = 0;
			knownRegions = (
				en,
				Base,
			);
			mainGroup = ACF0B4B72234D8F000CAAC6E;
			productRefGroup = ACF0B4C12234D8F000CAAC6E /* Products */;
			projectDirPath = "";
			projectRoot = "";
			targets = (
				ACF0B4BF2234D8F000CAAC6E /* AppStore */,
			);
		};
/* End PBXProject section */

/* Begin PBXResourcesBuildPhase section */
		ACF0B4BE2234D8F000CAAC6E /* Resources */ = {
			isa = PBXResourcesBuildPhase;
			buildActionMask = 2147483647;
			files = (
				ACF0B4CE2234D8F200CAAC6E /* LaunchScreen.storyboard in Resources */,
				ACF0B4CB2234D8F200CAAC6E /* Assets.xcassets in Resources */,
				ACF0B4C92234D8F000CAAC6E /* Main.storyboard in Resources */,
			);
			runOnlyForDeploymentPostprocessing = 0;
		};
/* End PBXResourcesBuildPhase section */

/* Begin PBXShellScriptBuildPhase section */
		53A85543EBB9935ACAD4E741 /* [CP] Check Pods Manifest.lock */ = {
			isa = PBXShellScriptBuildPhase;
			buildActionMask = 2147483647;
			files = (
			);
			inputFileListPaths = (
			);
			inputPaths = (
				"${PODS_PODFILE_DIR_PATH}/Podfile.lock",
				"${PODS_ROOT}/Manifest.lock",
			);
			name = "[CP] Check Pods Manifest.lock";
			outputFileListPaths = (
			);
			outputPaths = (
				"$(DERIVED_FILE_DIR)/Pods-AppStore-checkManifestLockResult.txt",
			);
			runOnlyForDeploymentPostprocessing = 0;
			shellPath = /bin/sh;
			shellScript = "diff \"${PODS_PODFILE_DIR_PATH}/Podfile.lock\" \"${PODS_ROOT}/Manifest.lock\" > /dev/null\nif [ $? != 0 ] ; then\n    # print error to STDERR\n    echo \"error: The sandbox is not in sync with the Podfile.lock. Run 'pod install' or update your CocoaPods installation.\" >&2\n    exit 1\nfi\n# This output is used by Xcode 'outputs' to avoid re-running this script phase.\necho \"SUCCESS\" > \"${SCRIPT_OUTPUT_FILE_0}\"\n";
			showEnvVarsInLog = 0;
		};
		B231BFE6F0319137B19921D4 /* [CP] Embed Pods Frameworks */ = {
			isa = PBXShellScriptBuildPhase;
			buildActionMask = 2147483647;
			files = (
			);
			inputFileListPaths = (
			);
			inputPaths = (
				"${SRCROOT}/Pods/Target Support Files/Pods-AppStore/Pods-AppStore-frameworks.sh",
				"${BUILT_PRODUCTS_DIR}/SDWebImage/SDWebImage.framework",
			);
			name = "[CP] Embed Pods Frameworks";
			outputFileListPaths = (
			);
			outputPaths = (
				"${TARGET_BUILD_DIR}/${FRAMEWORKS_FOLDER_PATH}/SDWebImage.framework",
			);
			runOnlyForDeploymentPostprocessing = 0;
			shellPath = /bin/sh;
			shellScript = "\"${SRCROOT}/Pods/Target Support Files/Pods-AppStore/Pods-AppStore-frameworks.sh\"\n";
			showEnvVarsInLog = 0;
		};
/* End PBXShellScriptBuildPhase section */

/* Begin PBXSourcesBuildPhase section */
		ACF0B4BC2234D8F000CAAC6E /* Sources */ = {
			isa = PBXSourcesBuildPhase;
			buildActionMask = 2147483647;
			files = (
				ACF0B4C62234D8F000CAAC6E /* ViewController.swift in Sources */,
				ACF0B4C42234D8F000CAAC6E /* AppDelegate.swift in Sources */,
				AC1DCA3E22443E4A00EBAD34 /* SearchResult.swift in Sources */,
				AC00DCA722963B350028E053 /* AppsGroupResult.swift in Sources */,
				AC6FF460223AF1890041C825 /* UIView+Layout.swift in Sources */,
				ACF0B4D62234D9EF00CAAC6E /* BaseTabBarController.swift in Sources */,
				AC249AF722950F0D00DA53B0 /* AppPageHeader.swift in Sources */,
				AC1DCA4522453AF500EBAD34 /* Service.swift in Sources */,
				AC249AF32295018D00DA53B0 /* AppRowCell.swift in Sources */,
				AC6FF45B223AE44B0041C825 /* AppSearchController.swift in Sources */,
				AC249AFB229513D800DA53B0 /* AppPageHeaderCell.swift in Sources */,
				AC6FF45E223AE9990041C825 /* SearchResultCell.swift in Sources */,
				AC1DCA3C224430A800EBAD34 /* VerticalStackView.swift in Sources */,
				AC249AF522950B7600DA53B0 /* Extensions.swift in Sources */,
				BA8F0761E2FDB75EF36BC692 /* BaseListController.swift in Sources */,
				BA8F03E6544D98FECF47A495 /* AppsPageController.swift in Sources */,
				AC249AF12294EF9F00DA53B0 /* AppsHorizontalController.swift in Sources */,
				BA8F0C7DFC69297658FE571C /* AppsGroupCell.swift in Sources */,
				AC249AF92295110900DA53B0 /* AppsHeaderHorizontalController.swift in Sources */,
			);
			runOnlyForDeploymentPostprocessing = 0;
		};
/* End PBXSourcesBuildPhase section */

/* Begin PBXVariantGroup section */
		ACF0B4C72234D8F000CAAC6E /* Main.storyboard */ = {
			isa = PBXVariantGroup;
			children = (
				ACF0B4C82234D8F000CAAC6E /* Base */,
			);
			name = Main.storyboard;
			sourceTree = "<group>";
		};
		ACF0B4CC2234D8F200CAAC6E /* LaunchScreen.storyboard */ = {
			isa = PBXVariantGroup;
			children = (
				ACF0B4CD2234D8F200CAAC6E /* Base */,
			);
			name = LaunchScreen.storyboard;
			sourceTree = "<group>";
		};
/* End PBXVariantGroup section */

/* Begin XCBuildConfiguration section */
		ACF0B4D02234D8F200CAAC6E /* Debug */ = {
			isa = XCBuildConfiguration;
			buildSettings = {
				ALWAYS_SEARCH_USER_PATHS = NO;
				CLANG_ANALYZER_NONNULL = YES;
				CLANG_ANALYZER_NUMBER_OBJECT_CONVERSION = YES_AGGRESSIVE;
				CLANG_CXX_LANGUAGE_STANDARD = "gnu++14";
				CLANG_CXX_LIBRARY = "libc++";
				CLANG_ENABLE_MODULES = YES;
				CLANG_ENABLE_OBJC_ARC = YES;
				CLANG_ENABLE_OBJC_WEAK = YES;
				CLANG_WARN_BLOCK_CAPTURE_AUTORELEASING = YES;
				CLANG_WARN_BOOL_CONVERSION = YES;
				CLANG_WARN_COMMA = YES;
				CLANG_WARN_CONSTANT_CONVERSION = YES;
				CLANG_WARN_DEPRECATED_OBJC_IMPLEMENTATIONS = YES;
				CLANG_WARN_DIRECT_OBJC_ISA_USAGE = YES_ERROR;
				CLANG_WARN_DOCUMENTATION_COMMENTS = YES;
				CLANG_WARN_EMPTY_BODY = YES;
				CLANG_WARN_ENUM_CONVERSION = YES;
				CLANG_WARN_INFINITE_RECURSION = YES;
				CLANG_WARN_INT_CONVERSION = YES;
				CLANG_WARN_NON_LITERAL_NULL_CONVERSION = YES;
				CLANG_WARN_OBJC_IMPLICIT_RETAIN_SELF = YES;
				CLANG_WARN_OBJC_LITERAL_CONVERSION = YES;
				CLANG_WARN_OBJC_ROOT_CLASS = YES_ERROR;
				CLANG_WARN_RANGE_LOOP_ANALYSIS = YES;
				CLANG_WARN_STRICT_PROTOTYPES = YES;
				CLANG_WARN_SUSPICIOUS_MOVE = YES;
				CLANG_WARN_UNGUARDED_AVAILABILITY = YES_AGGRESSIVE;
				CLANG_WARN_UNREACHABLE_CODE = YES;
				CLANG_WARN__DUPLICATE_METHOD_MATCH = YES;
				CODE_SIGN_IDENTITY = "iPhone Developer";
				COPY_PHASE_STRIP = NO;
				DEBUG_INFORMATION_FORMAT = dwarf;
				ENABLE_STRICT_OBJC_MSGSEND = YES;
				ENABLE_TESTABILITY = YES;
				GCC_C_LANGUAGE_STANDARD = gnu11;
				GCC_DYNAMIC_NO_PIC = NO;
				GCC_NO_COMMON_BLOCKS = YES;
				GCC_OPTIMIZATION_LEVEL = 0;
				GCC_PREPROCESSOR_DEFINITIONS = (
					"DEBUG=1",
					"$(inherited)",
				);
				GCC_WARN_64_TO_32_BIT_CONVERSION = YES;
				GCC_WARN_ABOUT_RETURN_TYPE = YES_ERROR;
				GCC_WARN_UNDECLARED_SELECTOR = YES;
				GCC_WARN_UNINITIALIZED_AUTOS = YES_AGGRESSIVE;
				GCC_WARN_UNUSED_FUNCTION = YES;
				GCC_WARN_UNUSED_VARIABLE = YES;
				IPHONEOS_DEPLOYMENT_TARGET = 12.1;
				MTL_ENABLE_DEBUG_INFO = INCLUDE_SOURCE;
				MTL_FAST_MATH = YES;
				ONLY_ACTIVE_ARCH = YES;
				SDKROOT = iphoneos;
				SWIFT_ACTIVE_COMPILATION_CONDITIONS = DEBUG;
				SWIFT_OPTIMIZATION_LEVEL = "-Onone";
			};
			name = Debug;
		};
		ACF0B4D12234D8F200CAAC6E /* Release */ = {
			isa = XCBuildConfiguration;
			buildSettings = {
				ALWAYS_SEARCH_USER_PATHS = NO;
				CLANG_ANALYZER_NONNULL = YES;
				CLANG_ANALYZER_NUMBER_OBJECT_CONVERSION = YES_AGGRESSIVE;
				CLANG_CXX_LANGUAGE_STANDARD = "gnu++14";
				CLANG_CXX_LIBRARY = "libc++";
				CLANG_ENABLE_MODULES = YES;
				CLANG_ENABLE_OBJC_ARC = YES;
				CLANG_ENABLE_OBJC_WEAK = YES;
				CLANG_WARN_BLOCK_CAPTURE_AUTORELEASING = YES;
				CLANG_WARN_BOOL_CONVERSION = YES;
				CLANG_WARN_COMMA = YES;
				CLANG_WARN_CONSTANT_CONVERSION = YES;
				CLANG_WARN_DEPRECATED_OBJC_IMPLEMENTATIONS = YES;
				CLANG_WARN_DIRECT_OBJC_ISA_USAGE = YES_ERROR;
				CLANG_WARN_DOCUMENTATION_COMMENTS = YES;
				CLANG_WARN_EMPTY_BODY = YES;
				CLANG_WARN_ENUM_CONVERSION = YES;
				CLANG_WARN_INFINITE_RECURSION = YES;
				CLANG_WARN_INT_CONVERSION = YES;
				CLANG_WARN_NON_LITERAL_NULL_CONVERSION = YES;
				CLANG_WARN_OBJC_IMPLICIT_RETAIN_SELF = YES;
				CLANG_WARN_OBJC_LITERAL_CONVERSION = YES;
				CLANG_WARN_OBJC_ROOT_CLASS = YES_ERROR;
				CLANG_WARN_RANGE_LOOP_ANALYSIS = YES;
				CLANG_WARN_STRICT_PROTOTYPES = YES;
				CLANG_WARN_SUSPICIOUS_MOVE = YES;
				CLANG_WARN_UNGUARDED_AVAILABILITY = YES_AGGRESSIVE;
				CLANG_WARN_UNREACHABLE_CODE = YES;
				CLANG_WARN__DUPLICATE_METHOD_MATCH = YES;
				CODE_SIGN_IDENTITY = "iPhone Developer";
				COPY_PHASE_STRIP = NO;
				DEBUG_INFORMATION_FORMAT = "dwarf-with-dsym";
				ENABLE_NS_ASSERTIONS = NO;
				ENABLE_STRICT_OBJC_MSGSEND = YES;
				GCC_C_LANGUAGE_STANDARD = gnu11;
				GCC_NO_COMMON_BLOCKS = YES;
				GCC_WARN_64_TO_32_BIT_CONVERSION = YES;
				GCC_WARN_ABOUT_RETURN_TYPE = YES_ERROR;
				GCC_WARN_UNDECLARED_SELECTOR = YES;
				GCC_WARN_UNINITIALIZED_AUTOS = YES_AGGRESSIVE;
				GCC_WARN_UNUSED_FUNCTION = YES;
				GCC_WARN_UNUSED_VARIABLE = YES;
				IPHONEOS_DEPLOYMENT_TARGET = 12.1;
				MTL_ENABLE_DEBUG_INFO = NO;
				MTL_FAST_MATH = YES;
				SDKROOT = iphoneos;
				SWIFT_COMPILATION_MODE = wholemodule;
				SWIFT_OPTIMIZATION_LEVEL = "-O";
				VALIDATE_PRODUCT = YES;
			};
			name = Release;
		};
		ACF0B4D32234D8F200CAAC6E /* Debug */ = {
			isa = XCBuildConfiguration;
			baseConfigurationReference = C7A27649A87BD9ECFDC73708 /* Pods-AppStore.debug.xcconfig */;
			buildSettings = {
				ASSETCATALOG_COMPILER_APPICON_NAME = AppIcon;
				CODE_SIGN_STYLE = Automatic;
				DEVELOPMENT_TEAM = 6Z8497R64N;
				INFOPLIST_FILE = AppStore/Info.plist;
				LD_RUNPATH_SEARCH_PATHS = (
					"$(inherited)",
					"@executable_path/Frameworks",
				);
				PRODUCT_BUNDLE_IDENTIFIER = com.willwang.AppStore;
				PRODUCT_NAME = "$(TARGET_NAME)";
				SWIFT_VERSION = 4.2;
				TARGETED_DEVICE_FAMILY = "1,2";
			};
			name = Debug;
		};
		ACF0B4D42234D8F200CAAC6E /* Release */ = {
			isa = XCBuildConfiguration;
			baseConfigurationReference = 8AC18528460BF927C9F0BFCB /* Pods-AppStore.release.xcconfig */;
			buildSettings = {
				ASSETCATALOG_COMPILER_APPICON_NAME = AppIcon;
				CODE_SIGN_STYLE = Automatic;
				DEVELOPMENT_TEAM = 6Z8497R64N;
				INFOPLIST_FILE = AppStore/Info.plist;
				LD_RUNPATH_SEARCH_PATHS = (
					"$(inherited)",
					"@executable_path/Frameworks",
				);
				PRODUCT_BUNDLE_IDENTIFIER = com.willwang.AppStore;
				PRODUCT_NAME = "$(TARGET_NAME)";
				SWIFT_VERSION = 4.2;
				TARGETED_DEVICE_FAMILY = "1,2";
			};
			name = Release;
		};
/* End XCBuildConfiguration section */

/* Begin XCConfigurationList section */
		ACF0B4BB2234D8F000CAAC6E /* Build configuration list for PBXProject "AppStore" */ = {
			isa = XCConfigurationList;
			buildConfigurations = (
				ACF0B4D02234D8F200CAAC6E /* Debug */,
				ACF0B4D12234D8F200CAAC6E /* Release */,
			);
			defaultConfigurationIsVisible = 0;
			defaultConfigurationName = Release;
		};
		ACF0B4D22234D8F200CAAC6E /* Build configuration list for PBXNativeTarget "AppStore" */ = {
			isa = XCConfigurationList;
			buildConfigurations = (
				ACF0B4D32234D8F200CAAC6E /* Debug */,
				ACF0B4D42234D8F200CAAC6E /* Release */,
			);
			defaultConfigurationIsVisible = 0;
			defaultConfigurationName = Release;
		};
/* End XCConfigurationList section */
	};
	rootObject = ACF0B4B82234D8F000CAAC6E /* Project object */;
}
